// !$*UTF8*$!
{
	archiveVersion = 1;
	classes = {
	};
	objectVersion = 46;
	objects = {

/* Begin PBXBuildFile section */
		A71D79A11F6A56CC00C0ABAB /* main.m in Sources */ = {isa = PBXBuildFile; fileRef = A71D79A01F6A56CC00C0ABAB /* main.m */; };
		A71D79A41F6A56CC00C0ABAB /* AppDelegate.m in Sources */ = {isa = PBXBuildFile; fileRef = A71D79A31F6A56CC00C0ABAB /* AppDelegate.m */; };
		A71D79A71F6A56CC00C0ABAB /* ViewController.m in Sources */ = {isa = PBXBuildFile; fileRef = A71D79A61F6A56CC00C0ABAB /* ViewController.m */; };
		A71D79AA1F6A56CC00C0ABAB /* Main.storyboard in Resources */ = {isa = PBXBuildFile; fileRef = A71D79A81F6A56CC00C0ABAB /* Main.storyboard */; };
		A71D79AC1F6A56CC00C0ABAB /* Assets.xcassets in Resources */ = {isa = PBXBuildFile; fileRef = A71D79AB1F6A56CC00C0ABAB /* Assets.xcassets */; };
		A71D79AF1F6A56CC00C0ABAB /* LaunchScreen.storyboard in Resources */ = {isa = PBXBuildFile; fileRef = A71D79AD1F6A56CC00C0ABAB /* LaunchScreen.storyboard */; };
		A71D79DF1F6A6E3D00C0ABAB /* BLPassthroughRequest.m in Sources */ = {isa = PBXBuildFile; fileRef = A71D79D11F6A6E3D00C0ABAB /* BLPassthroughRequest.m */; };
		A71D79E01F6A6E3D00C0ABAB /* BLRequest.m in Sources */ = {isa = PBXBuildFile; fileRef = A71D79D31F6A6E3D00C0ABAB /* BLRequest.m */; };
		A71D79E11F6A6E3D00C0ABAB /* BLTestApi.m in Sources */ = {isa = PBXBuildFile; fileRef = A71D79D51F6A6E3D00C0ABAB /* BLTestApi.m */; };
		A71D79E21F6A6E3D00C0ABAB /* BLTransmissionAgent.m in Sources */ = {isa = PBXBuildFile; fileRef = A71D79D71F6A6E3D00C0ABAB /* BLTransmissionAgent.m */; };
		A71D79E31F6A6E3D00C0ABAB /* BLTransmissionConfig.m in Sources */ = {isa = PBXBuildFile; fileRef = A71D79D91F6A6E3D00C0ABAB /* BLTransmissionConfig.m */; };
		A71D79E41F6A6E3D00C0ABAB /* BLTransmissionPrivate.m in Sources */ = {isa = PBXBuildFile; fileRef = A71D79DB1F6A6E3D00C0ABAB /* BLTransmissionPrivate.m */; };
		A71D79E51F6A6E3D00C0ABAB /* libBLNetwork.a in Frameworks */ = {isa = PBXBuildFile; fileRef = A71D79DE1F6A6E3D00C0ABAB /* libBLNetwork.a */; };
/* End PBXBuildFile section */

/* Begin PBXFileReference section */
		A71D799C1F6A56CC00C0ABAB /* BLRequestDemo.app */ = {isa = PBXFileReference; explicitFileType = wrapper.application; includeInIndex = 0; path = BLRequestDemo.app; sourceTree = BUILT_PRODUCTS_DIR; };
		A71D79A01F6A56CC00C0ABAB /* main.m */ = {isa = PBXFileReference; lastKnownFileType = sourcecode.c.objc; path = main.m; sourceTree = "<group>"; };
		A71D79A21F6A56CC00C0ABAB /* AppDelegate.h */ = {isa = PBXFileReference; lastKnownFileType = sourcecode.c.h; path = AppDelegate.h; sourceTree = "<group>"; };
		A71D79A31F6A56CC00C0ABAB /* AppDelegate.m */ = {isa = PBXFileReference; lastKnownFileType = sourcecode.c.objc; path = AppDelegate.m; sourceTree = "<group>"; };
		A71D79A51F6A56CC00C0ABAB /* ViewController.h */ = {isa = PBXFileReference; lastKnownFileType = sourcecode.c.h; path = ViewController.h; sourceTree = "<group>"; };
		A71D79A61F6A56CC00C0ABAB /* ViewController.m */ = {isa = PBXFileReference; lastKnownFileType = sourcecode.c.objc; path = ViewController.m; sourceTree = "<group>"; };
		A71D79A91F6A56CC00C0ABAB /* Base */ = {isa = PBXFileReference; lastKnownFileType = file.storyboard; name = Base; path = Base.lproj/Main.storyboard; sourceTree = "<group>"; };
		A71D79AB1F6A56CC00C0ABAB /* Assets.xcassets */ = {isa = PBXFileReference; lastKnownFileType = folder.assetcatalog; path = Assets.xcassets; sourceTree = "<group>"; };
		A71D79AE1F6A56CC00C0ABAB /* Base */ = {isa = PBXFileReference; lastKnownFileType = file.storyboard; name = Base; path = Base.lproj/LaunchScreen.storyboard; sourceTree = "<group>"; };
		A71D79B01F6A56CC00C0ABAB /* Info.plist */ = {isa = PBXFileReference; lastKnownFileType = text.plist.xml; path = Info.plist; sourceTree = "<group>"; };
		A71D79D01F6A6E3D00C0ABAB /* BLPassthroughRequest.h */ = {isa = PBXFileReference; fileEncoding = 4; lastKnownFileType = sourcecode.c.h; path = BLPassthroughRequest.h; sourceTree = "<group>"; };
		A71D79D11F6A6E3D00C0ABAB /* BLPassthroughRequest.m */ = {isa = PBXFileReference; fileEncoding = 4; lastKnownFileType = sourcecode.c.objc; path = BLPassthroughRequest.m; sourceTree = "<group>"; };
		A71D79D21F6A6E3D00C0ABAB /* BLRequest.h */ = {isa = PBXFileReference; fileEncoding = 4; lastKnownFileType = sourcecode.c.h; path = BLRequest.h; sourceTree = "<group>"; };
		A71D79D31F6A6E3D00C0ABAB /* BLRequest.m */ = {isa = PBXFileReference; fileEncoding = 4; lastKnownFileType = sourcecode.c.objc; path = BLRequest.m; sourceTree = "<group>"; };
		A71D79D41F6A6E3D00C0ABAB /* BLTestApi.h */ = {isa = PBXFileReference; fileEncoding = 4; lastKnownFileType = sourcecode.c.h; path = BLTestApi.h; sourceTree = "<group>"; };
		A71D79D51F6A6E3D00C0ABAB /* BLTestApi.m */ = {isa = PBXFileReference; fileEncoding = 4; lastKnownFileType = sourcecode.c.objc; path = BLTestApi.m; sourceTree = "<group>"; };
		A71D79D61F6A6E3D00C0ABAB /* BLTransmissionAgent.h */ = {isa = PBXFileReference; fileEncoding = 4; lastKnownFileType = sourcecode.c.h; path = BLTransmissionAgent.h; sourceTree = "<group>"; };
		A71D79D71F6A6E3D00C0ABAB /* BLTransmissionAgent.m */ = {isa = PBXFileReference; fileEncoding = 4; lastKnownFileType = sourcecode.c.objc; path = BLTransmissionAgent.m; sourceTree = "<group>"; };
		A71D79D81F6A6E3D00C0ABAB /* BLTransmissionConfig.h */ = {isa = PBXFileReference; fileEncoding = 4; lastKnownFileType = sourcecode.c.h; path = BLTransmissionConfig.h; sourceTree = "<group>"; };
		A71D79D91F6A6E3D00C0ABAB /* BLTransmissionConfig.m */ = {isa = PBXFileReference; fileEncoding = 4; lastKnownFileType = sourcecode.c.objc; path = BLTransmissionConfig.m; sourceTree = "<group>"; };
		A71D79DA1F6A6E3D00C0ABAB /* BLTransmissionPrivate.h */ = {isa = PBXFileReference; fileEncoding = 4; lastKnownFileType = sourcecode.c.h; path = BLTransmissionPrivate.h; sourceTree = "<group>"; };
		A71D79DB1F6A6E3D00C0ABAB /* BLTransmissionPrivate.m */ = {isa = PBXFileReference; fileEncoding = 4; lastKnownFileType = sourcecode.c.objc; path = BLTransmissionPrivate.m; sourceTree = "<group>"; };
		A71D79DD1F6A6E3D00C0ABAB /* BLNetwork.h */ = {isa = PBXFileReference; fileEncoding = 4; lastKnownFileType = sourcecode.c.h; path = BLNetwork.h; sourceTree = "<group>"; };
		A71D79DE1F6A6E3D00C0ABAB /* libBLNetwork.a */ = {isa = PBXFileReference; lastKnownFileType = archive.ar; path = libBLNetwork.a; sourceTree = "<group>"; };
/* End PBXFileReference section */

/* Begin PBXFrameworksBuildPhase section */
		A71D79991F6A56CC00C0ABAB /* Frameworks */ = {
			isa = PBXFrameworksBuildPhase;
			buildActionMask = 2147483647;
			files = (
				A71D79E51F6A6E3D00C0ABAB /* libBLNetwork.a in Frameworks */,
			);
			runOnlyForDeploymentPostprocessing = 0;
		};
/* End PBXFrameworksBuildPhase section */

/* Begin PBXGroup section */
		A71D79931F6A56CC00C0ABAB = {
			isa = PBXGroup;
			children = (
				A71D799E1F6A56CC00C0ABAB /* BLRequestDemo */,
				A71D799D1F6A56CC00C0ABAB /* Products */,
			);
			sourceTree = "<group>";
		};
		A71D799D1F6A56CC00C0ABAB /* Products */ = {
			isa = PBXGroup;
			children = (
				A71D799C1F6A56CC00C0ABAB /* BLRequestDemo.app */,
			);
			name = Products;
			sourceTree = "<group>";
		};
		A71D799E1F6A56CC00C0ABAB /* BLRequestDemo */ = {
			isa = PBXGroup;
			children = (
				A71D79CE1F6A6E3D00C0ABAB /* BLRequest */,
				A71D79A21F6A56CC00C0ABAB /* AppDelegate.h */,
				A71D79A31F6A56CC00C0ABAB /* AppDelegate.m */,
				A71D79A51F6A56CC00C0ABAB /* ViewController.h */,
				A71D79A61F6A56CC00C0ABAB /* ViewController.m */,
				A71D79A81F6A56CC00C0ABAB /* Main.storyboard */,
				A71D79AB1F6A56CC00C0ABAB /* Assets.xcassets */,
				A71D79AD1F6A56CC00C0ABAB /* LaunchScreen.storyboard */,
				A71D79B01F6A56CC00C0ABAB /* Info.plist */,
				A71D799F1F6A56CC00C0ABAB /* Supporting Files */,
			);
			path = BLRequestDemo;
			sourceTree = "<group>";
		};
		A71D799F1F6A56CC00C0ABAB /* Supporting Files */ = {
			isa = PBXGroup;
			children = (
				A71D79A01F6A56CC00C0ABAB /* main.m */,
			);
			name = "Supporting Files";
			sourceTree = "<group>";
		};
		A71D79CE1F6A6E3D00C0ABAB /* BLRequest */ = {
			isa = PBXGroup;
			children = (
				A71D79CF1F6A6E3D00C0ABAB /* BLRequest */,
				A71D79DC1F6A6E3D00C0ABAB /* opensdk */,
			);
			name = BLRequest;
			path = ../../BLRequest;
			sourceTree = "<group>";
		};
		A71D79CF1F6A6E3D00C0ABAB /* BLRequest */ = {
			isa = PBXGroup;
			children = (
				A71D79D01F6A6E3D00C0ABAB /* BLPassthroughRequest.h */,
				A71D79D11F6A6E3D00C0ABAB /* BLPassthroughRequest.m */,
				A71D79D21F6A6E3D00C0ABAB /* BLRequest.h */,
				A71D79D31F6A6E3D00C0ABAB /* BLRequest.m */,
				A71D79D41F6A6E3D00C0ABAB /* BLTestApi.h */,
				A71D79D51F6A6E3D00C0ABAB /* BLTestApi.m */,
				A71D79D61F6A6E3D00C0ABAB /* BLTransmissionAgent.h */,
				A71D79D71F6A6E3D00C0ABAB /* BLTransmissionAgent.m */,
				A71D79D81F6A6E3D00C0ABAB /* BLTransmissionConfig.h */,
				A71D79D91F6A6E3D00C0ABAB /* BLTransmissionConfig.m */,
				A71D79DA1F6A6E3D00C0ABAB /* BLTransmissionPrivate.h */,
				A71D79DB1F6A6E3D00C0ABAB /* BLTransmissionPrivate.m */,
			);
			path = BLRequest;
			sourceTree = "<group>";
		};
		A71D79DC1F6A6E3D00C0ABAB /* opensdk */ = {
			isa = PBXGroup;
			children = (
				A71D79DD1F6A6E3D00C0ABAB /* BLNetwork.h */,
				A71D79DE1F6A6E3D00C0ABAB /* libBLNetwork.a */,
			);
			path = opensdk;
			sourceTree = "<group>";
		};
/* End PBXGroup section */

/* Begin PBXNativeTarget section */
		A71D799B1F6A56CC00C0ABAB /* BLRequestDemo */ = {
			isa = PBXNativeTarget;
			buildConfigurationList = A71D79B31F6A56CC00C0ABAB /* Build configuration list for PBXNativeTarget "BLRequestDemo" */;
			buildPhases = (
				A71D79981F6A56CC00C0ABAB /* Sources */,
				A71D79991F6A56CC00C0ABAB /* Frameworks */,
				A71D799A1F6A56CC00C0ABAB /* Resources */,
			);
			buildRules = (
			);
			dependencies = (
			);
			name = BLRequestDemo;
			productName = BLRequestDemo;
			productReference = A71D799C1F6A56CC00C0ABAB /* BLRequestDemo.app */;
			productType = "com.apple.product-type.application";
		};
/* End PBXNativeTarget section */

/* Begin PBXProject section */
		A71D79941F6A56CC00C0ABAB /* Project object */ = {
			isa = PBXProject;
			attributes = {
				LastUpgradeCheck = 0830;
				ORGANIZATIONNAME = BainJ;
				TargetAttributes = {
					A71D799B1F6A56CC00C0ABAB = {
						CreatedOnToolsVersion = 8.3.2;
						DevelopmentTeam = 382675762T;
						ProvisioningStyle = Automatic;
					};
				};
			};
			buildConfigurationList = A71D79971F6A56CC00C0ABAB /* Build configuration list for PBXProject "BLRequestDemo" */;
			compatibilityVersion = "Xcode 3.2";
			developmentRegion = English;
			hasScannedForEncodings = 0;
			knownRegions = (
				en,
				Base,
			);
			mainGroup = A71D79931F6A56CC00C0ABAB;
			productRefGroup = A71D799D1F6A56CC00C0ABAB /* Products */;
			projectDirPath = "";
			projectRoot = "";
			targets = (
				A71D799B1F6A56CC00C0ABAB /* BLRequestDemo */,
			);
		};
/* End PBXProject section */

/* Begin PBXResourcesBuildPhase section */
		A71D799A1F6A56CC00C0ABAB /* Resources */ = {
			isa = PBXResourcesBuildPhase;
			buildActionMask = 2147483647;
			files = (
				A71D79AF1F6A56CC00C0ABAB /* LaunchScreen.storyboard in Resources */,
				A71D79AC1F6A56CC00C0ABAB /* Assets.xcassets in Resources */,
				A71D79AA1F6A56CC00C0ABAB /* Main.storyboard in Resources */,
			);
			runOnlyForDeploymentPostprocessing = 0;
		};
/* End PBXResourcesBuildPhase section */

/* Begin PBXSourcesBuildPhase section */
		A71D79981F6A56CC00C0ABAB /* Sources */ = {
			isa = PBXSourcesBuildPhase;
			buildActionMask = 2147483647;
			files = (
				A71D79DF1F6A6E3D00C0ABAB /* BLPassthroughRequest.m in Sources */,
				A71D79E01F6A6E3D00C0ABAB /* BLRequest.m in Sources */,
				A71D79E11F6A6E3D00C0ABAB /* BLTestApi.m in Sources */,
				A71D79A71F6A56CC00C0ABAB /* ViewController.m in Sources */,
				A71D79A41F6A56CC00C0ABAB /* AppDelegate.m in Sources */,
				A71D79E21F6A6E3D00C0ABAB /* BLTransmissionAgent.m in Sources */,
				A71D79E41F6A6E3D00C0ABAB /* BLTransmissionPrivate.m in Sources */,
				A71D79A11F6A56CC00C0ABAB /* main.m in Sources */,
				A71D79E31F6A6E3D00C0ABAB /* BLTransmissionConfig.m in Sources */,
			);
			runOnlyForDeploymentPostprocessing = 0;
		};
/* End PBXSourcesBuildPhase section */

/* Begin PBXVariantGroup section */
		A71D79A81F6A56CC00C0ABAB /* Main.storyboard */ = {
			isa = PBXVariantGroup;
			children = (
				A71D79A91F6A56CC00C0ABAB /* Base */,
			);
			name = Main.storyboard;
			sourceTree = "<group>";
		};
		A71D79AD1F6A56CC00C0ABAB /* LaunchScreen.storyboard */ = {
			isa = PBXVariantGroup;
			children = (
				A71D79AE1F6A56CC00C0ABAB /* Base */,
			);
			name = LaunchScreen.storyboard;
			sourceTree = "<group>";
		};
/* End PBXVariantGroup section */

/* Begin XCBuildConfiguration section */
		A71D79B11F6A56CC00C0ABAB /* Debug */ = {
			isa = XCBuildConfiguration;
			buildSettings = {
				ALWAYS_SEARCH_USER_PATHS = NO;
				CLANG_ANALYZER_NONNULL = YES;
				CLANG_ANALYZER_NUMBER_OBJECT_CONVERSION = YES_AGGRESSIVE;
				CLANG_CXX_LANGUAGE_STANDARD = "gnu++0x";
				CLANG_CXX_LIBRARY = "libc++";
				CLANG_ENABLE_MODULES = YES;
				CLANG_ENABLE_OBJC_ARC = YES;
				CLANG_WARN_BOOL_CONVERSION = YES;
				CLANG_WARN_CONSTANT_CONVERSION = YES;
				CLANG_WARN_DIRECT_OBJC_ISA_USAGE = YES_ERROR;
				CLANG_WARN_DOCUMENTATION_COMMENTS = YES;
				CLANG_WARN_EMPTY_BODY = YES;
				CLANG_WARN_ENUM_CONVERSION = YES;
				CLANG_WARN_INFINITE_RECURSION = YES;
				CLANG_WARN_INT_CONVERSION = YES;
				CLANG_WARN_OBJC_ROOT_CLASS = YES_ERROR;
				CLANG_WARN_SUSPICIOUS_MOVE = YES;
				CLANG_WARN_UNREACHABLE_CODE = YES;
				CLANG_WARN__DUPLICATE_METHOD_MATCH = YES;
				"CODE_SIGN_IDENTITY[sdk=iphoneos*]" = "iPhone Developer";
				COPY_PHASE_STRIP = NO;
				DEBUG_INFORMATION_FORMAT = dwarf;
				ENABLE_STRICT_OBJC_MSGSEND = YES;
				ENABLE_TESTABILITY = YES;
				GCC_C_LANGUAGE_STANDARD = gnu99;
				GCC_DYNAMIC_NO_PIC = NO;
				GCC_NO_COMMON_BLOCKS = YES;
				GCC_OPTIMIZATION_LEVEL = 0;
				GCC_PREPROCESSOR_DEFINITIONS = (
					"DEBUG=1",
					"$(inherited)",
				);
				GCC_WARN_64_TO_32_BIT_CONVERSION = YES;
				GCC_WARN_ABOUT_RETURN_TYPE = YES_ERROR;
				GCC_WARN_UNDECLARED_SELECTOR = YES;
				GCC_WARN_UNINITIALIZED_AUTOS = YES_AGGRESSIVE;
				GCC_WARN_UNUSED_FUNCTION = YES;
				GCC_WARN_UNUSED_VARIABLE = YES;
				IPHONEOS_DEPLOYMENT_TARGET = 10.3;
				MTL_ENABLE_DEBUG_INFO = YES;
				ONLY_ACTIVE_ARCH = YES;
				SDKROOT = iphoneos;
				TARGETED_DEVICE_FAMILY = "1,2";
			};
			name = Debug;
		};
		A71D79B21F6A56CC00C0ABAB /* Release */ = {
			isa = XCBuildConfiguration;
			buildSettings = {
				ALWAYS_SEARCH_USER_PATHS = NO;
				CLANG_ANALYZER_NONNULL = YES;
				CLANG_ANALYZER_NUMBER_OBJECT_CONVERSION = YES_AGGRESSIVE;
				CLANG_CXX_LANGUAGE_STANDARD = "gnu++0x";
				CLANG_CXX_LIBRARY = "libc++";
				CLANG_ENABLE_MODULES = YES;
				CLANG_ENABLE_OBJC_ARC = YES;
				CLANG_WARN_BOOL_CONVERSION = YES;
				CLANG_WARN_CONSTANT_CONVERSION = YES;
				CLANG_WARN_DIRECT_OBJC_ISA_USAGE = YES_ERROR;
				CLANG_WARN_DOCUMENTATION_COMMENTS = YES;
				CLANG_WARN_EMPTY_BODY = YES;
				CLANG_WARN_ENUM_CONVERSION = YES;
				CLANG_WARN_INFINITE_RECURSION = YES;
				CLANG_WARN_INT_CONVERSION = YES;
				CLANG_WARN_OBJC_ROOT_CLASS = YES_ERROR;
				CLANG_WARN_SUSPICIOUS_MOVE = YES;
				CLANG_WARN_UNREACHABLE_CODE = YES;
				CLANG_WARN__DUPLICATE_METHOD_MATCH = YES;
				"CODE_SIGN_IDENTITY[sdk=iphoneos*]" = "iPhone Developer";
				COPY_PHASE_STRIP = NO;
				DEBUG_INFORMATION_FORMAT = "dwarf-with-dsym";
				ENABLE_NS_ASSERTIONS = NO;
				ENABLE_STRICT_OBJC_MSGSEND = YES;
				GCC_C_LANGUAGE_STANDARD = gnu99;
				GCC_NO_COMMON_BLOCKS = YES;
				GCC_WARN_64_TO_32_BIT_CONVERSION = YES;
				GCC_WARN_ABOUT_RETURN_TYPE = YES_ERROR;
				GCC_WARN_UNDECLARED_SELECTOR = YES;
				GCC_WARN_UNINITIALIZED_AUTOS = YES_AGGRESSIVE;
				GCC_WARN_UNUSED_FUNCTION = YES;
				GCC_WARN_UNUSED_VARIABLE = YES;
				IPHONEOS_DEPLOYMENT_TARGET = 10.3;
				MTL_ENABLE_DEBUG_INFO = NO;
				SDKROOT = iphoneos;
				TARGETED_DEVICE_FAMILY = "1,2";
				VALIDATE_PRODUCT = YES;
			};
			name = Release;
		};
		A71D79B41F6A56CC00C0ABAB /* Debug */ = {
			isa = XCBuildConfiguration;
			buildSettings = {
				ASSETCATALOG_COMPILER_APPICON_NAME = AppIcon;
				DEVELOPMENT_TEAM = 382675762T;
				INFOPLIST_FILE = BLRequestDemo/Info.plist;
				LD_RUNPATH_SEARCH_PATHS = "$(inherited) @executable_path/Frameworks";
				LIBRARY_SEARCH_PATHS = (
					"$(inherited)",
					"$(PROJECT_DIR)/BLRequestDemo/BLRequest/opensdk",
				);
				PRODUCT_BUNDLE_IDENTIFIER = com.Reewoow.BLRequestDemo;
				PRODUCT_NAME = "$(TARGET_NAME)";
			};
			name = Debug;
		};
		A71D79B51F6A56CC00C0ABAB /* Release */ = {
			isa = XCBuildConfiguration;
			buildSettings = {
				ASSETCATALOG_COMPILER_APPICON_NAME = AppIcon;
				DEVELOPMENT_TEAM = 382675762T;
				INFOPLIST_FILE = BLRequestDemo/Info.plist;
				LD_RUNPATH_SEARCH_PATHS = "$(inherited) @executable_path/Frameworks";
				LIBRARY_SEARCH_PATHS = (
					"$(inherited)",
					"$(PROJECT_DIR)/BLRequestDemo/BLRequest/opensdk",
				);
				PRODUCT_BUNDLE_IDENTIFIER = com.Reewoow.BLRequestDemo;
				PRODUCT_NAME = "$(TARGET_NAME)";
			};
			name = Release;
		};
/* End XCBuildConfiguration section */

/* Begin XCConfigurationList section */
		A71D79971F6A56CC00C0ABAB /* Build configuration list for PBXProject "BLRequestDemo" */ = {
			isa = XCConfigurationList;
			buildConfigurations = (
				A71D79B11F6A56CC00C0ABAB /* Debug */,
				A71D79B21F6A56CC00C0ABAB /* Release */,
			);
			defaultConfigurationIsVisible = 0;
			defaultConfigurationName = Release;
		};
		A71D79B31F6A56CC00C0ABAB /* Build configuration list for PBXNativeTarget "BLRequestDemo" */ = {
			isa = XCConfigurationList;
			buildConfigurations = (
				A71D79B41F6A56CC00C0ABAB /* Debug */,
				A71D79B51F6A56CC00C0ABAB /* Release */,
			);
			defaultConfigurationIsVisible = 0;
			defaultConfigurationName = Release;
		};
/* End XCConfigurationList section */
	};
	rootObject = A71D79941F6A56CC00C0ABAB /* Project object */;
}
